{
  "name": "clock",
  "version": "1.0.0",
  "lockfileVersion": 3,
  "requires": true,
  "packages": {
    "": {
      "name": "clock",
      "version": "1.0.0",
      "license": "ISC",
      "dependencies": {
        "moment": "^2.29.4"
      },
      "devDependencies": {
        "@types/node": "^20.5.9"
      }
    },
    "node_modules/@types/node": {
      "version": "20.5.9",
      "resolved": "https://registry.npmjs.org/@types/node/-/node-20.5.9.tgz",
      "integrity": "sha512-PcGNd//40kHAS3sTlzKB9C9XL4K0sTup8nbG5lC14kzEteTNuAFh9u5nA0o5TWnSG2r/JNPRXFVcHJIIeRlmqQ==",
      "dev": true
    },
    "node_modules/moment": {
      "version": "2.29.4",
      "resolved": "https://registry.npmjs.org/moment/-/moment-2.29.4.tgz",
      "integrity": "sha512-5LC9SOxjSc2HF6vO2CyuTDNivEdoz2IvyJJGj6X8DJ0eFyfszE0QiEd+iXmBvUP3WHxSjFH/vIsA0EN00cgr8w==",
      "engines": {
        "node": "*"
      }
    }
  }
}
